
Microsoft Visual Studio Solution File, Format Version 12.00
# Visual Studio Version 17
VisualStudioVersion = 17.0.31903.59
MinimumVisualStudioVersion = 10.0.40219.1
Project("{FAE04EC0-301F-11D3-BF4B-00C04F79EFBC}") = "StoreApp", "StoreApp\StoreApp.csproj", "{5D2CE75D-2DC1-4E17-B9B4-1D551FE9CB2F}"
EndProject
Project("{FAE04EC0-301F-11D3-BF4B-00C04F79EFBC}") = "Entities", "Entities\Entities.csproj", "{9EEC3C0D-1FE5-4275-A200-92B60BDB6889}"
EndProject
Project("{FAE04EC0-301F-11D3-BF4B-00C04F79EFBC}") = "Repositories", "Repositories\Repositories.csproj", "{5F911596-0947-4738-A5A1-2093847B409B}"
EndProject
Project("{FAE04EC0-301F-11D3-BF4B-00C04F79EFBC}") = "Services", "Services\Services.csproj", "{7524B762-45E4-4057-BBF9-0A85C0F1DC82}"
EndProject
Global
	GlobalSection(SolutionConfigurationPlatforms) = preSolution
		Debug|Any CPU = Debug|Any CPU
		Release|Any CPU = Release|Any CPU
	EndGlobalSection
	GlobalSection(SolutionProperties) = preSolution
		HideSolutionNode = FALSE
	EndGlobalSection
	GlobalSection(ProjectConfigurationPlatforms) = postSolution
		{5D2CE75D-2DC1-4E17-B9B4-1D551FE9CB2F}.Debug|Any CPU.ActiveCfg = Debug|Any CPU
		{5D2CE75D-2DC1-4E17-B9B4-1D551FE9CB2F}.Debug|Any CPU.Build.0 = Debug|Any CPU
		{5D2CE75D-2DC1-4E17-B9B4-1D551FE9CB2F}.Release|Any CPU.ActiveCfg = Release|Any CPU
		{5D2CE75D-2DC1-4E17-B9B4-1D551FE9CB2F}.Release|Any CPU.Build.0 = Release|Any CPU
		{9EEC3C0D-1FE5-4275-A200-92B60BDB6889}.Debug|Any CPU.ActiveCfg = Debug|Any CPU
		{9EEC3C0D-1FE5-4275-A200-92B60BDB6889}.Debug|Any CPU.Build.0 = Debug|Any CPU
		{9EEC3C0D-1FE5-4275-A200-92B60BDB6889}.Release|Any CPU.ActiveCfg = Release|Any CPU
		{9EEC3C0D-1FE5-4275-A200-92B60BDB6889}.Release|Any CPU.Build.0 = Release|Any CPU
		{5F911596-0947-4738-A5A1-2093847B409B}.Debug|Any CPU.ActiveCfg = Debug|Any CPU
		{5F911596-0947-4738-A5A1-2093847B409B}.Debug|Any CPU.Build.0 = Debug|Any CPU
		{5F911596-0947-4738-A5A1-2093847B409B}.Release|Any CPU.ActiveCfg = Release|Any CPU
		{5F911596-0947-4738-A5A1-2093847B409B}.Release|Any CPU.Build.0 = Release|Any CPU
		{7524B762-45E4-4057-BBF9-0A85C0F1DC82}.Debug|Any CPU.ActiveCfg = Debug|Any CPU
		{7524B762-45E4-4057-BBF9-0A85C0F1DC82}.Debug|Any CPU.Build.0 = Debug|Any CPU
		{7524B762-45E4-4057-BBF9-0A85C0F1DC82}.Release|Any CPU.ActiveCfg = Release|Any CPU
		{7524B762-45E4-4057-BBF9-0A85C0F1DC82}.Release|Any CPU.Build.0 = Release|Any CPU
	EndGlobalSection
EndGlobal
